
Microsoft Visual Studio Solution File, Format Version 12.00
# Visual Studio Version 16
VisualStudioVersion = 16.0.32106.194
MinimumVisualStudioVersion = 10.0.40219.1
Project("{FAE04EC0-301F-11D3-BF4B-00C04F79EFBC}") = "ex-1", "ex-1\ex-1.csproj", "{A535E048-4C1F-4AD7-A335-F7C90585AF60}"
EndProject
Global
	GlobalSection(SolutionConfigurationPlatforms) = preSolution
		Debug|Any CPU = Debug|Any CPU
		Release|Any CPU = Release|Any CPU
	EndGlobalSection
	GlobalSection(ProjectConfigurationPlatforms) = postSolution
		{A535E048-4C1F-4AD7-A335-F7C90585AF60}.Debug|Any CPU.ActiveCfg = Debug|Any CPU
		{A535E048-4C1F-4AD7-A335-F7C90585AF60}.Debug|Any CPU.Build.0 = Debug|Any CPU
		{A535E048-4C1F-4AD7-A335-F7C90585AF60}.Release|Any CPU.ActiveCfg = Release|Any CPU
		{A535E048-4C1F-4AD7-A335-F7C90585AF60}.Release|Any CPU.Build.0 = Release|Any CPU
	EndGlobalSection
	GlobalSection(SolutionProperties) = preSolution
		HideSolutionNode = FALSE
	EndGlobalSection
	GlobalSection(ExtensibilityGlobals) = postSolution
		SolutionGuid = {F26AB821-A042-4903-83AF-AF2A9B7A22B0}
	EndGlobalSection
EndGlobal
